// !$*UTF8*$!
{
	archiveVersion = 1;
	classes = {
	};
	objectVersion = 55;
	objects = {

/* Begin PBXBuildFile section */
		433FC4B12815641E00513EFD /* AppDelegate.swift in Sources */ = {isa = PBXBuildFile; fileRef = 433FC4B02815641E00513EFD /* AppDelegate.swift */; };
		433FC4B32815641E00513EFD /* SceneDelegate.swift in Sources */ = {isa = PBXBuildFile; fileRef = 433FC4B22815641E00513EFD /* SceneDelegate.swift */; };
		433FC4B52815641E00513EFD /* ViewController.swift in Sources */ = {isa = PBXBuildFile; fileRef = 433FC4B42815641E00513EFD /* ViewController.swift */; };
		433FC4B82815641E00513EFD /* Main.storyboard in Resources */ = {isa = PBXBuildFile; fileRef = 433FC4B62815641E00513EFD /* Main.storyboard */; };
		433FC4BA2815641F00513EFD /* Assets.xcassets in Resources */ = {isa = PBXBuildFile; fileRef = 433FC4B92815641F00513EFD /* Assets.xcassets */; };
		433FC4BD2815641F00513EFD /* LaunchScreen.storyboard in Resources */ = {isa = PBXBuildFile; fileRef = 433FC4BB2815641F00513EFD /* LaunchScreen.storyboard */; };
		433FC4C62815642C00513EFD /* libsqlite3.tbd in Frameworks */ = {isa = PBXBuildFile; fileRef = 433FC4C52815642C00513EFD /* libsqlite3.tbd */; };
		433FC4D42815645800513EFD /* FMDatabaseQueue.m in Sources */ = {isa = PBXBuildFile; fileRef = 433FC4C92815645700513EFD /* FMDatabaseQueue.m */; };
		433FC4D52815645800513EFD /* FMDatabasePool.m in Sources */ = {isa = PBXBuildFile; fileRef = 433FC4CB2815645700513EFD /* FMDatabasePool.m */; };
		433FC4D62815645800513EFD /* FMDatabaseAdditions.m in Sources */ = {isa = PBXBuildFile; fileRef = 433FC4CC2815645700513EFD /* FMDatabaseAdditions.m */; };
		433FC4D72815645800513EFD /* FMResultSet.m in Sources */ = {isa = PBXBuildFile; fileRef = 433FC4D12815645700513EFD /* FMResultSet.m */; };
		433FC4D82815645800513EFD /* FMDatabase.m in Sources */ = {isa = PBXBuildFile; fileRef = 433FC4D32815645800513EFD /* FMDatabase.m */; };
		433FC4DA281565B800513EFD /* DepartmentListVC.swift in Sources */ = {isa = PBXBuildFile; fileRef = 433FC4D9281565B800513EFD /* DepartmentListVC.swift */; };
		433FC4DC281565D100513EFD /* EmployeeListVC.swift in Sources */ = {isa = PBXBuildFile; fileRef = 433FC4DB281565D100513EFD /* EmployeeListVC.swift */; };
		433FC4E02815668300513EFD /* DepartmentDAO.swift in Sources */ = {isa = PBXBuildFile; fileRef = 433FC4DF2815668300513EFD /* DepartmentDAO.swift */; };
		433FC4E228156C1400513EFD /* EmployeeDAO.swift in Sources */ = {isa = PBXBuildFile; fileRef = 433FC4E128156C1400513EFD /* EmployeeDAO.swift */; };
		433FC4E42815A73000513EFD /* DepartPickerVC.swift in Sources */ = {isa = PBXBuildFile; fileRef = 433FC4E32815A73000513EFD /* DepartPickerVC.swift */; };
		433FC4E6281621BC00513EFD /* DepartmentInfoVC.swift in Sources */ = {isa = PBXBuildFile; fileRef = 433FC4E5281621BC00513EFD /* DepartmentInfoVC.swift */; };
		433FC4E82816340100513EFD /* hr.sqlite in Resources */ = {isa = PBXBuildFile; fileRef = 433FC4E72816340100513EFD /* hr.sqlite */; };
/* End PBXBuildFile section */

/* Begin PBXFileReference section */
		433FC4AD2815641E00513EFD /* HumanResource.app */ = {isa = PBXFileReference; explicitFileType = wrapper.application; includeInIndex = 0; path = HumanResource.app; sourceTree = BUILT_PRODUCTS_DIR; };
		433FC4B02815641E00513EFD /* AppDelegate.swift */ = {isa = PBXFileReference; lastKnownFileType = sourcecode.swift; path = AppDelegate.swift; sourceTree = "<group>"; };
		433FC4B22815641E00513EFD /* SceneDelegate.swift */ = {isa = PBXFileReference; lastKnownFileType = sourcecode.swift; path = SceneDelegate.swift; sourceTree = "<group>"; };
		433FC4B42815641E00513EFD /* ViewController.swift */ = {isa = PBXFileReference; lastKnownFileType = sourcecode.swift; path = ViewController.swift; sourceTree = "<group>"; };
		433FC4B72815641E00513EFD /* Base */ = {isa = PBXFileReference; lastKnownFileType = file.storyboard; name = Base; path = Base.lproj/Main.storyboard; sourceTree = "<group>"; };
		433FC4B92815641F00513EFD /* Assets.xcassets */ = {isa = PBXFileReference; lastKnownFileType = folder.assetcatalog; path = Assets.xcassets; sourceTree = "<group>"; };
		433FC4BC2815641F00513EFD /* Base */ = {isa = PBXFileReference; lastKnownFileType = file.storyboard; name = Base; path = Base.lproj/LaunchScreen.storyboard; sourceTree = "<group>"; };
		433FC4BE2815641F00513EFD /* Info.plist */ = {isa = PBXFileReference; lastKnownFileType = text.plist.xml; path = Info.plist; sourceTree = "<group>"; };
		433FC4C52815642C00513EFD /* libsqlite3.tbd */ = {isa = PBXFileReference; lastKnownFileType = "sourcecode.text-based-dylib-definition"; name = libsqlite3.tbd; path = usr/lib/libsqlite3.tbd; sourceTree = SDKROOT; };
		433FC4C82815645700513EFD /* HumanResource-Bridging-Header.h */ = {isa = PBXFileReference; lastKnownFileType = sourcecode.c.h; path = "HumanResource-Bridging-Header.h"; sourceTree = "<group>"; };
		433FC4C92815645700513EFD /* FMDatabaseQueue.m */ = {isa = PBXFileReference; fileEncoding = 4; lastKnownFileType = sourcecode.c.objc; path = FMDatabaseQueue.m; sourceTree = "<group>"; };
		433FC4CA2815645700513EFD /* FMDatabaseQueue.h */ = {isa = PBXFileReference; fileEncoding = 4; lastKnownFileType = sourcecode.c.h; path = FMDatabaseQueue.h; sourceTree = "<group>"; };
		433FC4CB2815645700513EFD /* FMDatabasePool.m */ = {isa = PBXFileReference; fileEncoding = 4; lastKnownFileType = sourcecode.c.objc; path = FMDatabasePool.m; sourceTree = "<group>"; };
		433FC4CC2815645700513EFD /* FMDatabaseAdditions.m */ = {isa = PBXFileReference; fileEncoding = 4; lastKnownFileType = sourcecode.c.objc; path = FMDatabaseAdditions.m; sourceTree = "<group>"; };
		433FC4CD2815645700513EFD /* FMDatabasePool.h */ = {isa = PBXFileReference; fileEncoding = 4; lastKnownFileType = sourcecode.c.h; path = FMDatabasePool.h; sourceTree = "<group>"; };
		433FC4CE2815645700513EFD /* FMDB.h */ = {isa = PBXFileReference; fileEncoding = 4; lastKnownFileType = sourcecode.c.h; path = FMDB.h; sourceTree = "<group>"; };
		433FC4CF2815645700513EFD /* FMResultSet.h */ = {isa = PBXFileReference; fileEncoding = 4; lastKnownFileType = sourcecode.c.h; path = FMResultSet.h; sourceTree = "<group>"; };
		433FC4D02815645700513EFD /* FMDatabase.h */ = {isa = PBXFileReference; fileEncoding = 4; lastKnownFileType = sourcecode.c.h; path = FMDatabase.h; sourceTree = "<group>"; };
		433FC4D12815645700513EFD /* FMResultSet.m */ = {isa = PBXFileReference; fileEncoding = 4; lastKnownFileType = sourcecode.c.objc; path = FMResultSet.m; sourceTree = "<group>"; };
		433FC4D22815645800513EFD /* FMDatabaseAdditions.h */ = {isa = PBXFileReference; fileEncoding = 4; lastKnownFileType = sourcecode.c.h; path = FMDatabaseAdditions.h; sourceTree = "<group>"; };
		433FC4D32815645800513EFD /* FMDatabase.m */ = {isa = PBXFileReference; fileEncoding = 4; lastKnownFileType = sourcecode.c.objc; path = FMDatabase.m; sourceTree = "<group>"; };
		433FC4D9281565B800513EFD /* DepartmentListVC.swift */ = {isa = PBXFileReference; lastKnownFileType = sourcecode.swift; path = DepartmentListVC.swift; sourceTree = "<group>"; };
		433FC4DB281565D100513EFD /* EmployeeListVC.swift */ = {isa = PBXFileReference; lastKnownFileType = sourcecode.swift; path = EmployeeListVC.swift; sourceTree = "<group>"; };
		433FC4DF2815668300513EFD /* DepartmentDAO.swift */ = {isa = PBXFileReference; lastKnownFileType = sourcecode.swift; path = DepartmentDAO.swift; sourceTree = "<group>"; };
		433FC4E128156C1400513EFD /* EmployeeDAO.swift */ = {isa = PBXFileReference; lastKnownFileType = sourcecode.swift; path = EmployeeDAO.swift; sourceTree = "<group>"; };
		433FC4E32815A73000513EFD /* DepartPickerVC.swift */ = {isa = PBXFileReference; lastKnownFileType = sourcecode.swift; path = DepartPickerVC.swift; sourceTree = "<group>"; };
		433FC4E5281621BC00513EFD /* DepartmentInfoVC.swift */ = {isa = PBXFileReference; lastKnownFileType = sourcecode.swift; path = DepartmentInfoVC.swift; sourceTree = "<group>"; };
		433FC4E72816340100513EFD /* hr.sqlite */ = {isa = PBXFileReference; lastKnownFileType = file; path = hr.sqlite; sourceTree = "<group>"; };
/* End PBXFileReference section */

/* Begin PBXFrameworksBuildPhase section */
		433FC4AA2815641E00513EFD /* Frameworks */ = {
			isa = PBXFrameworksBuildPhase;
			buildActionMask = 2147483647;
			files = (
				433FC4C62815642C00513EFD /* libsqlite3.tbd in Frameworks */,
			);
			runOnlyForDeploymentPostprocessing = 0;
		};
/* End PBXFrameworksBuildPhase section */

/* Begin PBXGroup section */
		433FC4A42815641E00513EFD = {
			isa = PBXGroup;
			children = (
				433FC4C72815643600513EFD /* fmdb */,
				433FC4AF2815641E00513EFD /* HumanResource */,
				433FC4AE2815641E00513EFD /* Products */,
				433FC4C42815642C00513EFD /* Frameworks */,
			);
			sourceTree = "<group>";
		};
		433FC4AE2815641E00513EFD /* Products */ = {
			isa = PBXGroup;
			children = (
				433FC4AD2815641E00513EFD /* HumanResource.app */,
			);
			name = Products;
			sourceTree = "<group>";
		};
		433FC4AF2815641E00513EFD /* HumanResource */ = {
			isa = PBXGroup;
			children = (
				433FC4B02815641E00513EFD /* AppDelegate.swift */,
				433FC4B22815641E00513EFD /* SceneDelegate.swift */,
				433FC4B42815641E00513EFD /* ViewController.swift */,
				433FC4B62815641E00513EFD /* Main.storyboard */,
				433FC4E5281621BC00513EFD /* DepartmentInfoVC.swift */,
				433FC4D9281565B800513EFD /* DepartmentListVC.swift */,
				433FC4DB281565D100513EFD /* EmployeeListVC.swift */,
				433FC4E128156C1400513EFD /* EmployeeDAO.swift */,
				433FC4DF2815668300513EFD /* DepartmentDAO.swift */,
				433FC4E32815A73000513EFD /* DepartPickerVC.swift */,
				433FC4E72816340100513EFD /* hr.sqlite */,
				433FC4B92815641F00513EFD /* Assets.xcassets */,
				433FC4BB2815641F00513EFD /* LaunchScreen.storyboard */,
				433FC4BE2815641F00513EFD /* Info.plist */,
			);
			path = HumanResource;
			sourceTree = "<group>";
		};
		433FC4C42815642C00513EFD /* Frameworks */ = {
			isa = PBXGroup;
			children = (
				433FC4C52815642C00513EFD /* libsqlite3.tbd */,
			);
			name = Frameworks;
			sourceTree = "<group>";
		};
		433FC4C72815643600513EFD /* fmdb */ = {
			isa = PBXGroup;
			children = (
				433FC4D02815645700513EFD /* FMDatabase.h */,
				433FC4D32815645800513EFD /* FMDatabase.m */,
				433FC4D22815645800513EFD /* FMDatabaseAdditions.h */,
				433FC4CC2815645700513EFD /* FMDatabaseAdditions.m */,
				433FC4CD2815645700513EFD /* FMDatabasePool.h */,
				433FC4CB2815645700513EFD /* FMDatabasePool.m */,
				433FC4CA2815645700513EFD /* FMDatabaseQueue.h */,
				433FC4C92815645700513EFD /* FMDatabaseQueue.m */,
				433FC4CE2815645700513EFD /* FMDB.h */,
				433FC4CF2815645700513EFD /* FMResultSet.h */,
				433FC4D12815645700513EFD /* FMResultSet.m */,
				433FC4C82815645700513EFD /* HumanResource-Bridging-Header.h */,
			);
			path = fmdb;
			sourceTree = "<group>";
		};
/* End PBXGroup section */

/* Begin PBXNativeTarget section */
		433FC4AC2815641E00513EFD /* HumanResource */ = {
			isa = PBXNativeTarget;
			buildConfigurationList = 433FC4C12815641F00513EFD /* Build configuration list for PBXNativeTarget "HumanResource" */;
			buildPhases = (
				433FC4A92815641E00513EFD /* Sources */,
				433FC4AA2815641E00513EFD /* Frameworks */,
				433FC4AB2815641E00513EFD /* Resources */,
			);
			buildRules = (
			);
			dependencies = (
			);
			name = HumanResource;
			productName = HumanResource;
			productReference = 433FC4AD2815641E00513EFD /* HumanResource.app */;
			productType = "com.apple.product-type.application";
		};
/* End PBXNativeTarget section */

/* Begin PBXProject section */
		433FC4A52815641E00513EFD /* Project object */ = {
			isa = PBXProject;
			attributes = {
				BuildIndependentTargetsInParallel = 1;
				LastSwiftUpdateCheck = 1330;
				LastUpgradeCheck = 1330;
				TargetAttributes = {
					433FC4AC2815641E00513EFD = {
						CreatedOnToolsVersion = 13.3.1;
						LastSwiftMigration = 1330;
					};
				};
			};
			buildConfigurationList = 433FC4A82815641E00513EFD /* Build configuration list for PBXProject "HumanResource" */;
			compatibilityVersion = "Xcode 13.0";
			developmentRegion = en;
			hasScannedForEncodings = 0;
			knownRegions = (
				en,
				Base,
			);
			mainGroup = 433FC4A42815641E00513EFD;
			productRefGroup = 433FC4AE2815641E00513EFD /* Products */;
			projectDirPath = "";
			projectRoot = "";
			targets = (
				433FC4AC2815641E00513EFD /* HumanResource */,
			);
		};
/* End PBXProject section */

/* Begin PBXResourcesBuildPhase section */
		433FC4AB2815641E00513EFD /* Resources */ = {
			isa = PBXResourcesBuildPhase;
			buildActionMask = 2147483647;
			files = (
				433FC4BD2815641F00513EFD /* LaunchScreen.storyboard in Resources */,
				433FC4BA2815641F00513EFD /* Assets.xcassets in Resources */,
				433FC4B82815641E00513EFD /* Main.storyboard in Resources */,
				433FC4E82816340100513EFD /* hr.sqlite in Resources */,
			);
			runOnlyForDeploymentPostprocessing = 0;
		};
/* End PBXResourcesBuildPhase section */

/* Begin PBXSourcesBuildPhase section */
		433FC4A92815641E00513EFD /* Sources */ = {
			isa = PBXSourcesBuildPhase;
			buildActionMask = 2147483647;
			files = (
				433FC4E228156C1400513EFD /* EmployeeDAO.swift in Sources */,
				433FC4B52815641E00513EFD /* ViewController.swift in Sources */,
				433FC4DA281565B800513EFD /* DepartmentListVC.swift in Sources */,
				433FC4E02815668300513EFD /* DepartmentDAO.swift in Sources */,
				433FC4E6281621BC00513EFD /* DepartmentInfoVC.swift in Sources */,
				433FC4DC281565D100513EFD /* EmployeeListVC.swift in Sources */,
				433FC4D42815645800513EFD /* FMDatabaseQueue.m in Sources */,
				433FC4E42815A73000513EFD /* DepartPickerVC.swift in Sources */,
				433FC4D72815645800513EFD /* FMResultSet.m in Sources */,
				433FC4D52815645800513EFD /* FMDatabasePool.m in Sources */,
				433FC4B12815641E00513EFD /* AppDelegate.swift in Sources */,
				433FC4B32815641E00513EFD /* SceneDelegate.swift in Sources */,
				433FC4D62815645800513EFD /* FMDatabaseAdditions.m in Sources */,
				433FC4D82815645800513EFD /* FMDatabase.m in Sources */,
			);
			runOnlyForDeploymentPostprocessing = 0;
		};
/* End PBXSourcesBuildPhase section */

/* Begin PBXVariantGroup section */
		433FC4B62815641E00513EFD /* Main.storyboard */ = {
			isa = PBXVariantGroup;
			children = (
				433FC4B72815641E00513EFD /* Base */,
			);
			name = Main.storyboard;
			sourceTree = "<group>";
		};
		433FC4BB2815641F00513EFD /* LaunchScreen.storyboard */ = {
			isa = PBXVariantGroup;
			children = (
				433FC4BC2815641F00513EFD /* Base */,
			);
			name = LaunchScreen.storyboard;
			sourceTree = "<group>";
		};
/* End PBXVariantGroup section */

/* Begin XCBuildConfiguration section */
		433FC4BF2815641F00513EFD /* Debug */ = {
			isa = XCBuildConfiguration;
			buildSettings = {
				ALWAYS_SEARCH_USER_PATHS = NO;
				CLANG_ANALYZER_NONNULL = YES;
				CLANG_ANALYZER_NUMBER_OBJECT_CONVERSION = YES_AGGRESSIVE;
				CLANG_CXX_LANGUAGE_STANDARD = "gnu++17";
				CLANG_ENABLE_MODULES = YES;
				CLANG_ENABLE_OBJC_ARC = YES;
				CLANG_ENABLE_OBJC_WEAK = YES;
				CLANG_WARN_BLOCK_CAPTURE_AUTORELEASING = YES;
				CLANG_WARN_BOOL_CONVERSION = YES;
				CLANG_WARN_COMMA = YES;
				CLANG_WARN_CONSTANT_CONVERSION = YES;
				CLANG_WARN_DEPRECATED_OBJC_IMPLEMENTATIONS = YES;
				CLANG_WARN_DIRECT_OBJC_ISA_USAGE = YES_ERROR;
				CLANG_WARN_DOCUMENTATION_COMMENTS = YES;
				CLANG_WARN_EMPTY_BODY = YES;
				CLANG_WARN_ENUM_CONVERSION = YES;
				CLANG_WARN_INFINITE_RECURSION = YES;
				CLANG_WARN_INT_CONVERSION = YES;
				CLANG_WARN_NON_LITERAL_NULL_CONVERSION = YES;
				CLANG_WARN_OBJC_IMPLICIT_RETAIN_SELF = YES;
				CLANG_WARN_OBJC_LITERAL_CONVERSION = YES;
				CLANG_WARN_OBJC_ROOT_CLASS = YES_ERROR;
				CLANG_WARN_QUOTED_INCLUDE_IN_FRAMEWORK_HEADER = YES;
				CLANG_WARN_RANGE_LOOP_ANALYSIS = YES;
				CLANG_WARN_STRICT_PROTOTYPES = YES;
				CLANG_WARN_SUSPICIOUS_MOVE = YES;
				CLANG_WARN_UNGUARDED_AVAILABILITY = YES_AGGRESSIVE;
				CLANG_WARN_UNREACHABLE_CODE = YES;
				CLANG_WARN__DUPLICATE_METHOD_MATCH = YES;
				COPY_PHASE_STRIP = NO;
				DEBUG_INFORMATION_FORMAT = dwarf;
				ENABLE_STRICT_OBJC_MSGSEND = YES;
				ENABLE_TESTABILITY = YES;
				GCC_C_LANGUAGE_STANDARD = gnu11;
				GCC_DYNAMIC_NO_PIC = NO;
				GCC_NO_COMMON_BLOCKS = YES;
				GCC_OPTIMIZATION_LEVEL = 0;
				GCC_PREPROCESSOR_DEFINITIONS = (
					"DEBUG=1",
					"$(inherited)",
				);
				GCC_WARN_64_TO_32_BIT_CONVERSION = YES;
				GCC_WARN_ABOUT_RETURN_TYPE = YES_ERROR;
				GCC_WARN_UNDECLARED_SELECTOR = YES;
				GCC_WARN_UNINITIALIZED_AUTOS = YES_AGGRESSIVE;
				GCC_WARN_UNUSED_FUNCTION = YES;
				GCC_WARN_UNUSED_VARIABLE = YES;
				IPHONEOS_DEPLOYMENT_TARGET = 15.4;
				MTL_ENABLE_DEBUG_INFO = INCLUDE_SOURCE;
				MTL_FAST_MATH = YES;
				ONLY_ACTIVE_ARCH = YES;
				SDKROOT = iphoneos;
				SWIFT_ACTIVE_COMPILATION_CONDITIONS = DEBUG;
				SWIFT_OPTIMIZATION_LEVEL = "-Onone";
			};
			name = Debug;
		};
		433FC4C02815641F00513EFD /* Release */ = {
			isa = XCBuildConfiguration;
			buildSettings = {
				ALWAYS_SEARCH_USER_PATHS = NO;
				CLANG_ANALYZER_NONNULL = YES;
				CLANG_ANALYZER_NUMBER_OBJECT_CONVERSION = YES_AGGRESSIVE;
				CLANG_CXX_LANGUAGE_STANDARD = "gnu++17";
				CLANG_ENABLE_MODULES = YES;
				CLANG_ENABLE_OBJC_ARC = YES;
				CLANG_ENABLE_OBJC_WEAK = YES;
				CLANG_WARN_BLOCK_CAPTURE_AUTORELEASING = YES;
				CLANG_WARN_BOOL_CONVERSION = YES;
				CLANG_WARN_COMMA = YES;
				CLANG_WARN_CONSTANT_CONVERSION = YES;
				CLANG_WARN_DEPRECATED_OBJC_IMPLEMENTATIONS = YES;
				CLANG_WARN_DIRECT_OBJC_ISA_USAGE = YES_ERROR;
				CLANG_WARN_DOCUMENTATION_COMMENTS = YES;
				CLANG_WARN_EMPTY_BODY = YES;
				CLANG_WARN_ENUM_CONVERSION = YES;
				CLANG_WARN_INFINITE_RECURSION = YES;
				CLANG_WARN_INT_CONVERSION = YES;
				CLANG_WARN_NON_LITERAL_NULL_CONVERSION = YES;
				CLANG_WARN_OBJC_IMPLICIT_RETAIN_SELF = YES;
				CLANG_WARN_OBJC_LITERAL_CONVERSION = YES;
				CLANG_WARN_OBJC_ROOT_CLASS = YES_ERROR;
				CLANG_WARN_QUOTED_INCLUDE_IN_FRAMEWORK_HEADER = YES;
				CLANG_WARN_RANGE_LOOP_ANALYSIS = YES;
				CLANG_WARN_STRICT_PROTOTYPES = YES;
				CLANG_WARN_SUSPICIOUS_MOVE = YES;
				CLANG_WARN_UNGUARDED_AVAILABILITY = YES_AGGRESSIVE;
				CLANG_WARN_UNREACHABLE_CODE = YES;
				CLANG_WARN__DUPLICATE_METHOD_MATCH = YES;
				COPY_PHASE_STRIP = NO;
				DEBUG_INFORMATION_FORMAT = "dwarf-with-dsym";
				ENABLE_NS_ASSERTIONS = NO;
				ENABLE_STRICT_OBJC_MSGSEND = YES;
				GCC_C_LANGUAGE_STANDARD = gnu11;
				GCC_NO_COMMON_BLOCKS = YES;
				GCC_WARN_64_TO_32_BIT_CONVERSION = YES;
				GCC_WARN_ABOUT_RETURN_TYPE = YES_ERROR;
				GCC_WARN_UNDECLARED_SELECTOR = YES;
				GCC_WARN_UNINITIALIZED_AUTOS = YES_AGGRESSIVE;
				GCC_WARN_UNUSED_FUNCTION = YES;
				GCC_WARN_UNUSED_VARIABLE = YES;
				IPHONEOS_DEPLOYMENT_TARGET = 15.4;
				MTL_ENABLE_DEBUG_INFO = NO;
				MTL_FAST_MATH = YES;
				SDKROOT = iphoneos;
				SWIFT_COMPILATION_MODE = wholemodule;
				SWIFT_OPTIMIZATION_LEVEL = "-O";
				VALIDATE_PRODUCT = YES;
			};
			name = Release;
		};
		433FC4C22815641F00513EFD /* Debug */ = {
			isa = XCBuildConfiguration;
			buildSettings = {
				ASSETCATALOG_COMPILER_APPICON_NAME = AppIcon;
				ASSETCATALOG_COMPILER_GLOBAL_ACCENT_COLOR_NAME = AccentColor;
				CLANG_ENABLE_MODULES = YES;
				CODE_SIGN_STYLE = Automatic;
				CURRENT_PROJECT_VERSION = 1;
				DEVELOPMENT_TEAM = 48RM3UNKQU;
				GENERATE_INFOPLIST_FILE = YES;
				INFOPLIST_FILE = HumanResource/Info.plist;
				INFOPLIST_KEY_UIApplicationSupportsIndirectInputEvents = YES;
				INFOPLIST_KEY_UILaunchStoryboardName = LaunchScreen;
				INFOPLIST_KEY_UIMainStoryboardFile = Main;
				INFOPLIST_KEY_UISupportedInterfaceOrientations_iPad = "UIInterfaceOrientationPortrait UIInterfaceOrientationPortraitUpsideDown UIInterfaceOrientationLandscapeLeft UIInterfaceOrientationLandscapeRight";
				INFOPLIST_KEY_UISupportedInterfaceOrientations_iPhone = "UIInterfaceOrientationPortrait UIInterfaceOrientationLandscapeLeft UIInterfaceOrientationLandscapeRight";
				LD_RUNPATH_SEARCH_PATHS = (
					"$(inherited)",
					"@executable_path/Frameworks",
				);
				MARKETING_VERSION = 1.0;
				PRODUCT_BUNDLE_IDENTIFIER = TWLim.HumanResource;
				PRODUCT_NAME = "$(TARGET_NAME)";
				SWIFT_EMIT_LOC_STRINGS = YES;
				SWIFT_OBJC_BRIDGING_HEADER = "fmdb/HumanResource-Bridging-Header.h";
				SWIFT_OPTIMIZATION_LEVEL = "-Onone";
				SWIFT_VERSION = 5.0;
				TARGETED_DEVICE_FAMILY = "1,2";
			};
			name = Debug;
		};
		433FC4C32815641F00513EFD /* Release */ = {
			isa = XCBuildConfiguration;
			buildSettings = {
				ASSETCATALOG_COMPILER_APPICON_NAME = AppIcon;
				ASSETCATALOG_COMPILER_GLOBAL_ACCENT_COLOR_NAME = AccentColor;
				CLANG_ENABLE_MODULES = YES;
				CODE_SIGN_STYLE = Automatic;
				CURRENT_PROJECT_VERSION = 1;
				DEVELOPMENT_TEAM = 48RM3UNKQU;
				GENERATE_INFOPLIST_FILE = YES;
				INFOPLIST_FILE = HumanResource/Info.plist;
				INFOPLIST_KEY_UIApplicationSupportsIndirectInputEvents = YES;
				INFOPLIST_KEY_UILaunchStoryboardName = LaunchScreen;
				INFOPLIST_KEY_UIMainStoryboardFile = Main;
				INFOPLIST_KEY_UISupportedInterfaceOrientations_iPad = "UIInterfaceOrientationPortrait UIInterfaceOrientationPortraitUpsideDown UIInterfaceOrientationLandscapeLeft UIInterfaceOrientationLandscapeRight";
				INFOPLIST_KEY_UISupportedInterfaceOrientations_iPhone = "UIInterfaceOrientationPortrait UIInterfaceOrientationLandscapeLeft UIInterfaceOrientationLandscapeRight";
				LD_RUNPATH_SEARCH_PATHS = (
					"$(inherited)",
					"@executable_path/Frameworks",
				);
				MARKETING_VERSION = 1.0;
				PRODUCT_BUNDLE_IDENTIFIER = TWLim.HumanResource;
				PRODUCT_NAME = "$(TARGET_NAME)";
				SWIFT_EMIT_LOC_STRINGS = YES;
				SWIFT_OBJC_BRIDGING_HEADER = "fmdb/HumanResource-Bridging-Header.h";
				SWIFT_VERSION = 5.0;
				TARGETED_DEVICE_FAMILY = "1,2";
			};
			name = Release;
		};
/* End XCBuildConfiguration section */

/* Begin XCConfigurationList section */
		433FC4A82815641E00513EFD /* Build configuration list for PBXProject "HumanResource" */ = {
			isa = XCConfigurationList;
			buildConfigurations = (
				433FC4BF2815641F00513EFD /* Debug */,
				433FC4C02815641F00513EFD /* Release */,
			);
			defaultConfigurationIsVisible = 0;
			defaultConfigurationName = Release;
		};
		433FC4C12815641F00513EFD /* Build configuration list for PBXNativeTarget "HumanResource" */ = {
			isa = XCConfigurationList;
			buildConfigurations = (
				433FC4C22815641F00513EFD /* Debug */,
				433FC4C32815641F00513EFD /* Release */,
			);
			defaultConfigurationIsVisible = 0;
			defaultConfigurationName = Release;
		};
/* End XCConfigurationList section */
	};
	rootObject = 433FC4A52815641E00513EFD /* Project object */;
}
